
Microsoft Visual Studio Solution File, Format Version 12.00
# Visual Studio Version 16
VisualStudioVersion = 16.0.29009.5
MinimumVisualStudioVersion = 10.0.40219.1
Project("{9A19103F-16F7-4668-BE54-9A1E7A4F7556}") = "btcsignal-webservice", "btcsignal-webservice.csproj", "{364ED941-47D4-40CC-AB3F-639A6BE3998E}"
	ProjectSection(ProjectDependencies) = postProject
		{3B34ABE1-991A-4934-A60C-64807AEA7A1E} = {3B34ABE1-991A-4934-A60C-64807AEA7A1E}
	EndProjectSection
EndProject
Project("{9A19103F-16F7-4668-BE54-9A1E7A4F7556}") = "BtcSignalIdentity.Shared", "..\btcsignal-identity-shared\BtcSignalIdentity.Shared.csproj", "{3B34ABE1-991A-4934-A60C-64807AEA7A1E}"
EndProject
Global
	GlobalSection(SolutionConfigurationPlatforms) = preSolution
		Debug|Any CPU = Debug|Any CPU
		Release|Any CPU = Release|Any CPU
	EndGlobalSection
	GlobalSection(ProjectConfigurationPlatforms) = postSolution
		{364ED941-47D4-40CC-AB3F-639A6BE3998E}.Debug|Any CPU.ActiveCfg = Debug|Any CPU
		{364ED941-47D4-40CC-AB3F-639A6BE3998E}.Debug|Any CPU.Build.0 = Debug|Any CPU
		{364ED941-47D4-40CC-AB3F-639A6BE3998E}.Release|Any CPU.ActiveCfg = Release|Any CPU
		{364ED941-47D4-40CC-AB3F-639A6BE3998E}.Release|Any CPU.Build.0 = Release|Any CPU
		{3B34ABE1-991A-4934-A60C-64807AEA7A1E}.Debug|Any CPU.ActiveCfg = Debug|Any CPU
		{3B34ABE1-991A-4934-A60C-64807AEA7A1E}.Debug|Any CPU.Build.0 = Debug|Any CPU
		{3B34ABE1-991A-4934-A60C-64807AEA7A1E}.Release|Any CPU.ActiveCfg = Release|Any CPU
		{3B34ABE1-991A-4934-A60C-64807AEA7A1E}.Release|Any CPU.Build.0 = Release|Any CPU
	EndGlobalSection
	GlobalSection(SolutionProperties) = preSolution
		HideSolutionNode = FALSE
	EndGlobalSection
	GlobalSection(ExtensibilityGlobals) = postSolution
		SolutionGuid = {1AF59192-D943-49B3-A93A-7EB5DBC94FF3}
	EndGlobalSection
EndGlobal
